[[package]]
name = "pipe"
version = "1.6.0"
description = "Module enablig a sh like infix syntax (using pipes)"
category = "main"
optional = false
python-versions = "*"

[metadata]
lock-version = "1.1"
python-versions = "^3.9"
content-hash = "c7a41b8a28e05ede72377e91118851d8bc5f8f8ef41beda31a573e2564a4efab"

[metadata.files]
pipe = [
    {file = "pipe-1.6.0-py2.py3-none-any.whl", hash = "sha256:cb89e7c553d819e97fa912afaf592c2553fa7b92c047c47772b4a96ef59c8825"},
    {file = "pipe-1.6.0.tar.gz", hash = "sha256:9bec3a88f8829f5074507795bc633603d61c025c88069f4d865018c721c6aa31"},
]
